
Microsoft Visual Studio Solution File, Format Version 12.00
# Visual Studio Version 17
VisualStudioVersion = 17.6.33815.320
MinimumVisualStudioVersion = 10.0.40219.1
Project("{FAE04EC0-301F-11D3-BF4B-00C04F79EFBC}") = "proyFinanzas23", "proyFinanzas23\proyFinanzas23.csproj", "{708EC3B6-F88C-4AE5-9FB5-31D1981C548C}"
EndProject
Global
	GlobalSection(SolutionConfigurationPlatforms) = preSolution
		Debug|Any CPU = Debug|Any CPU
		Release|Any CPU = Release|Any CPU
	EndGlobalSection
	GlobalSection(ProjectConfigurationPlatforms) = postSolution
		{708EC3B6-F88C-4AE5-9FB5-31D1981C548C}.Debug|Any CPU.ActiveCfg = Debug|Any CPU
		{708EC3B6-F88C-4AE5-9FB5-31D1981C548C}.Debug|Any CPU.Build.0 = Debug|Any CPU
		{708EC3B6-F88C-4AE5-9FB5-31D1981C548C}.Release|Any CPU.ActiveCfg = Release|Any CPU
		{708EC3B6-F88C-4AE5-9FB5-31D1981C548C}.Release|Any CPU.Build.0 = Release|Any CPU
	EndGlobalSection
	GlobalSection(SolutionProperties) = preSolution
		HideSolutionNode = FALSE
	EndGlobalSection
	GlobalSection(ExtensibilityGlobals) = postSolution
		SolutionGuid = {8599B165-00FB-492C-B2C1-2E232E0320B0}
	EndGlobalSection
EndGlobal
